// !$*UTF8*$!
{
	archiveVersion = 1;
	classes = {
	};
	objectVersion = 51;
	objects = {

/* Begin PBXBuildFile section */
		24B67B316734B08C72DC933C /* Pods_RichTextEditorDemo.framework in Frameworks */ = {isa = PBXBuildFile; fileRef = 3CA915C7C594C9EA3B7782FC /* Pods_RichTextEditorDemo.framework */; };
		31E5BD53256538BA00A259B8 /* AppDelegate.m in Sources */ = {isa = PBXBuildFile; fileRef = 31E5BD52256538BA00A259B8 /* AppDelegate.m */; };
		31E5BD59256538BA00A259B8 /* ViewController.m in Sources */ = {isa = PBXBuildFile; fileRef = 31E5BD58256538BA00A259B8 /* ViewController.m */; };
		31E5BD5C256538BA00A259B8 /* Main.storyboard in Resources */ = {isa = PBXBuildFile; fileRef = 31E5BD5A256538BA00A259B8 /* Main.storyboard */; };
		31E5BD5E256538BC00A259B8 /* Assets.xcassets in Resources */ = {isa = PBXBuildFile; fileRef = 31E5BD5D256538BC00A259B8 /* Assets.xcassets */; };
		31E5BD61256538BC00A259B8 /* LaunchScreen.storyboard in Resources */ = {isa = PBXBuildFile; fileRef = 31E5BD5F256538BC00A259B8 /* LaunchScreen.storyboard */; };
		31E5BD64256538BC00A259B8 /* main.m in Sources */ = {isa = PBXBuildFile; fileRef = 31E5BD63256538BC00A259B8 /* main.m */; };
		31E5BD6E256538BC00A259B8 /* RichTextEditorDemoTests.m in Sources */ = {isa = PBXBuildFile; fileRef = 31E5BD6D256538BC00A259B8 /* RichTextEditorDemoTests.m */; };
		31E5BD79256538BC00A259B8 /* RichTextEditorDemoUITests.m in Sources */ = {isa = PBXBuildFile; fileRef = 31E5BD78256538BC00A259B8 /* RichTextEditorDemoUITests.m */; };
		31E5BD9725660A4500A259B8 /* YXHtmlEditBaseController.m in Sources */ = {isa = PBXBuildFile; fileRef = 31E5BD9625660A4500A259B8 /* YXHtmlEditBaseController.m */; };
		31E5BDA025660A8700A259B8 /* YXWKWebViewPool.m in Sources */ = {isa = PBXBuildFile; fileRef = 31E5BD9F25660A8700A259B8 /* YXWKWebViewPool.m */; };
		31E5BDA925660C0700A259B8 /* UIControl+YX.m in Sources */ = {isa = PBXBuildFile; fileRef = 31E5BDA825660C0700A259B8 /* UIControl+YX.m */; };
		31E5BDAF25660C6400A259B8 /* WKWebView+YXHideAccessoryView.m in Sources */ = {isa = PBXBuildFile; fileRef = 31E5BDAE25660C6400A259B8 /* WKWebView+YXHideAccessoryView.m */; };
		31E5BDB525660C9C00A259B8 /* WKWebView+YXWebViewJSTool.m in Sources */ = {isa = PBXBuildFile; fileRef = 31E5BDB425660C9C00A259B8 /* WKWebView+YXWebViewJSTool.m */; };
		31E5BDBC25660EFA00A259B8 /* YXHtmlEditorBar.m in Sources */ = {isa = PBXBuildFile; fileRef = 31E5BDBB25660EFA00A259B8 /* YXHtmlEditorBar.m */; };
		31E5BDC425660F1F00A259B8 /* YXHtmlEditorBar.xib in Resources */ = {isa = PBXBuildFile; fileRef = 31E5BDC325660F1F00A259B8 /* YXHtmlEditorBar.xib */; };
		31E5BDCE256610A800A259B8 /* jquery.js in Resources */ = {isa = PBXBuildFile; fileRef = 31E5BDC8256610A800A259B8 /* jquery.js */; };
		31E5BDCF256610A800A259B8 /* richText_editor.html in Resources */ = {isa = PBXBuildFile; fileRef = 31E5BDC9256610A800A259B8 /* richText_editor.html */; };
		31E5BDD0256610A800A259B8 /* normalize.css in Resources */ = {isa = PBXBuildFile; fileRef = 31E5BDCA256610A800A259B8 /* normalize.css */; };
		31E5BDD1256610A800A259B8 /* article_editor.js in Resources */ = {isa = PBXBuildFile; fileRef = 31E5BDCB256610A800A259B8 /* article_editor.js */; };
		31E5BDD2256610A800A259B8 /* icon_refresh.png in Resources */ = {isa = PBXBuildFile; fileRef = 31E5BDCC256610A800A259B8 /* icon_refresh.png */; };
		31E5BDD3256610A800A259B8 /* style.css in Resources */ = {isa = PBXBuildFile; fileRef = 31E5BDCD256610A800A259B8 /* style.css */; };
		31E5BDDC256610F200A259B8 /* YXHtmlFontStyleBar.m in Sources */ = {isa = PBXBuildFile; fileRef = 31E5BDDB256610F200A259B8 /* YXHtmlFontStyleBar.m */; };
		31E5BDE52566179A00A259B8 /* YXHtmlUploadPictureModel.m in Sources */ = {isa = PBXBuildFile; fileRef = 31E5BDE42566179A00A259B8 /* YXHtmlUploadPictureModel.m */; };
		31E5BE0625664F1A00A259B8 /* YXWKWebView.m in Sources */ = {isa = PBXBuildFile; fileRef = 31E5BE0525664F1A00A259B8 /* YXWKWebView.m */; };
		31E5BE1225665D3C00A259B8 /* YXHtmlEditHeaderView.m in Sources */ = {isa = PBXBuildFile; fileRef = 31E5BE1125665D3C00A259B8 /* YXHtmlEditHeaderView.m */; };
		31E5BE232566642E00A259B8 /* UIView+YX.m in Sources */ = {isa = PBXBuildFile; fileRef = 31E5BE222566642E00A259B8 /* UIView+YX.m */; };
		31E5BE3C256665D500A259B8 /* MBProgressHUD+YX.m in Sources */ = {isa = PBXBuildFile; fileRef = 31E5BE3B256665D500A259B8 /* MBProgressHUD+YX.m */; };
		31E5BEEB256BC3C000A259B8 /* YXShowHTMLController.m in Sources */ = {isa = PBXBuildFile; fileRef = 31E5BEEA256BC3C000A259B8 /* YXShowHTMLController.m */; };
		31EC79D5256D042000366859 /* YXImageEditController.m in Sources */ = {isa = PBXBuildFile; fileRef = 31EC79D4256D042000366859 /* YXImageEditController.m */; };
		31EC79DA256D057900366859 /* YXImageEditController.xib in Resources */ = {isa = PBXBuildFile; fileRef = 31EC79D9256D057900366859 /* YXImageEditController.xib */; };
		31EC79E3256D084100366859 /* YXImageEditCell.m in Sources */ = {isa = PBXBuildFile; fileRef = 31EC79E1256D084100366859 /* YXImageEditCell.m */; };
		31EC79E4256D084100366859 /* YXImageEditCell.xib in Resources */ = {isa = PBXBuildFile; fileRef = 31EC79E2256D084100366859 /* YXImageEditCell.xib */; };
		31EC7A63256D114100366859 /* UITextView+YX.m in Sources */ = {isa = PBXBuildFile; fileRef = 31EC7A62256D114100366859 /* UITextView+YX.m */; };
/* End PBXBuildFile section */

/* Begin PBXContainerItemProxy section */
		31E5BD6A256538BC00A259B8 /* PBXContainerItemProxy */ = {
			isa = PBXContainerItemProxy;
			containerPortal = 31E5BD46256538BA00A259B8 /* Project object */;
			proxyType = 1;
			remoteGlobalIDString = 31E5BD4D256538BA00A259B8;
			remoteInfo = RichTextEditorDemo;
		};
		31E5BD75256538BC00A259B8 /* PBXContainerItemProxy */ = {
			isa = PBXContainerItemProxy;
			containerPortal = 31E5BD46256538BA00A259B8 /* Project object */;
			proxyType = 1;
			remoteGlobalIDString = 31E5BD4D256538BA00A259B8;
			remoteInfo = RichTextEditorDemo;
		};
/* End PBXContainerItemProxy section */

/* Begin PBXFileReference section */
		091CE115287A7FCEBC39CC88 /* Pods-RichTextEditorDemo.debug.xcconfig */ = {isa = PBXFileReference; includeInIndex = 1; lastKnownFileType = text.xcconfig; name = "Pods-RichTextEditorDemo.debug.xcconfig"; path = "Target Support Files/Pods-RichTextEditorDemo/Pods-RichTextEditorDemo.debug.xcconfig"; sourceTree = "<group>"; };
		31E5BD4E256538BA00A259B8 /* RichTextEditorDemo.app */ = {isa = PBXFileReference; explicitFileType = wrapper.application; includeInIndex = 0; path = RichTextEditorDemo.app; sourceTree = BUILT_PRODUCTS_DIR; };
		31E5BD51256538BA00A259B8 /* AppDelegate.h */ = {isa = PBXFileReference; lastKnownFileType = sourcecode.c.h; path = AppDelegate.h; sourceTree = "<group>"; };
		31E5BD52256538BA00A259B8 /* AppDelegate.m */ = {isa = PBXFileReference; lastKnownFileType = sourcecode.c.objc; path = AppDelegate.m; sourceTree = "<group>"; };
		31E5BD57256538BA00A259B8 /* ViewController.h */ = {isa = PBXFileReference; lastKnownFileType = sourcecode.c.h; path = ViewController.h; sourceTree = "<group>"; };
		31E5BD58256538BA00A259B8 /* ViewController.m */ = {isa = PBXFileReference; lastKnownFileType = sourcecode.c.objc; path = ViewController.m; sourceTree = "<group>"; };
		31E5BD5B256538BA00A259B8 /* Base */ = {isa = PBXFileReference; lastKnownFileType = file.storyboard; name = Base; path = Base.lproj/Main.storyboard; sourceTree = "<group>"; };
		31E5BD5D256538BC00A259B8 /* Assets.xcassets */ = {isa = PBXFileReference; lastKnownFileType = folder.assetcatalog; path = Assets.xcassets; sourceTree = "<group>"; };
		31E5BD60256538BC00A259B8 /* Base */ = {isa = PBXFileReference; lastKnownFileType = file.storyboard; name = Base; path = Base.lproj/LaunchScreen.storyboard; sourceTree = "<group>"; };
		31E5BD62256538BC00A259B8 /* Info.plist */ = {isa = PBXFileReference; lastKnownFileType = text.plist.xml; path = Info.plist; sourceTree = "<group>"; };
		31E5BD63256538BC00A259B8 /* main.m */ = {isa = PBXFileReference; lastKnownFileType = sourcecode.c.objc; path = main.m; sourceTree = "<group>"; };
		31E5BD69256538BC00A259B8 /* RichTextEditorDemoTests.xctest */ = {isa = PBXFileReference; explicitFileType = wrapper.cfbundle; includeInIndex = 0; path = RichTextEditorDemoTests.xctest; sourceTree = BUILT_PRODUCTS_DIR; };
		31E5BD6D256538BC00A259B8 /* RichTextEditorDemoTests.m */ = {isa = PBXFileReference; lastKnownFileType = sourcecode.c.objc; path = RichTextEditorDemoTests.m; sourceTree = "<group>"; };
		31E5BD6F256538BC00A259B8 /* Info.plist */ = {isa = PBXFileReference; lastKnownFileType = text.plist.xml; path = Info.plist; sourceTree = "<group>"; };
		31E5BD74256538BC00A259B8 /* RichTextEditorDemoUITests.xctest */ = {isa = PBXFileReference; explicitFileType = wrapper.cfbundle; includeInIndex = 0; path = RichTextEditorDemoUITests.xctest; sourceTree = BUILT_PRODUCTS_DIR; };
		31E5BD78256538BC00A259B8 /* RichTextEditorDemoUITests.m */ = {isa = PBXFileReference; lastKnownFileType = sourcecode.c.objc; path = RichTextEditorDemoUITests.m; sourceTree = "<group>"; };
		31E5BD7A256538BC00A259B8 /* Info.plist */ = {isa = PBXFileReference; lastKnownFileType = text.plist.xml; path = Info.plist; sourceTree = "<group>"; };
		31E5BD9525660A4500A259B8 /* YXHtmlEditBaseController.h */ = {isa = PBXFileReference; lastKnownFileType = sourcecode.c.h; path = YXHtmlEditBaseController.h; sourceTree = "<group>"; };
		31E5BD9625660A4500A259B8 /* YXHtmlEditBaseController.m */ = {isa = PBXFileReference; lastKnownFileType = sourcecode.c.objc; path = YXHtmlEditBaseController.m; sourceTree = "<group>"; };
		31E5BD9E25660A8700A259B8 /* YXWKWebViewPool.h */ = {isa = PBXFileReference; lastKnownFileType = sourcecode.c.h; path = YXWKWebViewPool.h; sourceTree = "<group>"; };
		31E5BD9F25660A8700A259B8 /* YXWKWebViewPool.m */ = {isa = PBXFileReference; lastKnownFileType = sourcecode.c.objc; path = YXWKWebViewPool.m; sourceTree = "<group>"; };
		31E5BDA725660C0700A259B8 /* UIControl+YX.h */ = {isa = PBXFileReference; lastKnownFileType = sourcecode.c.h; path = "UIControl+YX.h"; sourceTree = "<group>"; };
		31E5BDA825660C0700A259B8 /* UIControl+YX.m */ = {isa = PBXFileReference; lastKnownFileType = sourcecode.c.objc; path = "UIControl+YX.m"; sourceTree = "<group>"; };
		31E5BDAD25660C6400A259B8 /* WKWebView+YXHideAccessoryView.h */ = {isa = PBXFileReference; lastKnownFileType = sourcecode.c.h; path = "WKWebView+YXHideAccessoryView.h"; sourceTree = "<group>"; };
		31E5BDAE25660C6400A259B8 /* WKWebView+YXHideAccessoryView.m */ = {isa = PBXFileReference; lastKnownFileType = sourcecode.c.objc; path = "WKWebView+YXHideAccessoryView.m"; sourceTree = "<group>"; };
		31E5BDB325660C9C00A259B8 /* WKWebView+YXWebViewJSTool.h */ = {isa = PBXFileReference; lastKnownFileType = sourcecode.c.h; path = "WKWebView+YXWebViewJSTool.h"; sourceTree = "<group>"; };
		31E5BDB425660C9C00A259B8 /* WKWebView+YXWebViewJSTool.m */ = {isa = PBXFileReference; lastKnownFileType = sourcecode.c.objc; path = "WKWebView+YXWebViewJSTool.m"; sourceTree = "<group>"; };
		31E5BDB925660E4600A259B8 /* YXHtmlCommon.h */ = {isa = PBXFileReference; lastKnownFileType = sourcecode.c.h; path = YXHtmlCommon.h; sourceTree = "<group>"; };
		31E5BDBA25660EFA00A259B8 /* YXHtmlEditorBar.h */ = {isa = PBXFileReference; lastKnownFileType = sourcecode.c.h; path = YXHtmlEditorBar.h; sourceTree = "<group>"; };
		31E5BDBB25660EFA00A259B8 /* YXHtmlEditorBar.m */ = {isa = PBXFileReference; lastKnownFileType = sourcecode.c.objc; path = YXHtmlEditorBar.m; sourceTree = "<group>"; };
		31E5BDC325660F1F00A259B8 /* YXHtmlEditorBar.xib */ = {isa = PBXFileReference; lastKnownFileType = file.xib; path = YXHtmlEditorBar.xib; sourceTree = "<group>"; };
		31E5BDC8256610A800A259B8 /* jquery.js */ = {isa = PBXFileReference; fileEncoding = 4; lastKnownFileType = sourcecode.javascript; path = jquery.js; sourceTree = "<group>"; };
		31E5BDC9256610A800A259B8 /* richText_editor.html */ = {isa = PBXFileReference; fileEncoding = 4; lastKnownFileType = text.html; path = richText_editor.html; sourceTree = "<group>"; };
		31E5BDCA256610A800A259B8 /* normalize.css */ = {isa = PBXFileReference; fileEncoding = 4; lastKnownFileType = text.css; path = normalize.css; sourceTree = "<group>"; };
		31E5BDCB256610A800A259B8 /* article_editor.js */ = {isa = PBXFileReference; fileEncoding = 4; lastKnownFileType = sourcecode.javascript; path = article_editor.js; sourceTree = "<group>"; };
		31E5BDCC256610A800A259B8 /* icon_refresh.png */ = {isa = PBXFileReference; lastKnownFileType = image.png; path = icon_refresh.png; sourceTree = "<group>"; };
		31E5BDCD256610A800A259B8 /* style.css */ = {isa = PBXFileReference; fileEncoding = 4; lastKnownFileType = text.css; path = style.css; sourceTree = "<group>"; };
		31E5BDDA256610F200A259B8 /* YXHtmlFontStyleBar.h */ = {isa = PBXFileReference; lastKnownFileType = sourcecode.c.h; path = YXHtmlFontStyleBar.h; sourceTree = "<group>"; };
		31E5BDDB256610F200A259B8 /* YXHtmlFontStyleBar.m */ = {isa = PBXFileReference; lastKnownFileType = sourcecode.c.objc; path = YXHtmlFontStyleBar.m; sourceTree = "<group>"; };
		31E5BDE32566179A00A259B8 /* YXHtmlUploadPictureModel.h */ = {isa = PBXFileReference; lastKnownFileType = sourcecode.c.h; path = YXHtmlUploadPictureModel.h; sourceTree = "<group>"; };
		31E5BDE42566179A00A259B8 /* YXHtmlUploadPictureModel.m */ = {isa = PBXFileReference; lastKnownFileType = sourcecode.c.objc; path = YXHtmlUploadPictureModel.m; sourceTree = "<group>"; };
		31E5BE0425664F1A00A259B8 /* YXWKWebView.h */ = {isa = PBXFileReference; lastKnownFileType = sourcecode.c.h; path = YXWKWebView.h; sourceTree = "<group>"; };
		31E5BE0525664F1A00A259B8 /* YXWKWebView.m */ = {isa = PBXFileReference; lastKnownFileType = sourcecode.c.objc; path = YXWKWebView.m; sourceTree = "<group>"; };
		31E5BE1025665D3C00A259B8 /* YXHtmlEditHeaderView.h */ = {isa = PBXFileReference; lastKnownFileType = sourcecode.c.h; path = YXHtmlEditHeaderView.h; sourceTree = "<group>"; };
		31E5BE1125665D3C00A259B8 /* YXHtmlEditHeaderView.m */ = {isa = PBXFileReference; lastKnownFileType = sourcecode.c.objc; path = YXHtmlEditHeaderView.m; sourceTree = "<group>"; };
		31E5BE19256661BB00A259B8 /* richTextEditor.pch */ = {isa = PBXFileReference; lastKnownFileType = sourcecode.c.h; path = richTextEditor.pch; sourceTree = "<group>"; };
		31E5BE212566642E00A259B8 /* UIView+YX.h */ = {isa = PBXFileReference; lastKnownFileType = sourcecode.c.h; path = "UIView+YX.h"; sourceTree = "<group>"; };
		31E5BE222566642E00A259B8 /* UIView+YX.m */ = {isa = PBXFileReference; lastKnownFileType = sourcecode.c.objc; path = "UIView+YX.m"; sourceTree = "<group>"; };
		31E5BE3A256665D500A259B8 /* MBProgressHUD+YX.h */ = {isa = PBXFileReference; lastKnownFileType = sourcecode.c.h; path = "MBProgressHUD+YX.h"; sourceTree = "<group>"; };
		31E5BE3B256665D500A259B8 /* MBProgressHUD+YX.m */ = {isa = PBXFileReference; lastKnownFileType = sourcecode.c.objc; path = "MBProgressHUD+YX.m"; sourceTree = "<group>"; };
		31E5BEE9256BC3C000A259B8 /* YXShowHTMLController.h */ = {isa = PBXFileReference; lastKnownFileType = sourcecode.c.h; path = YXShowHTMLController.h; sourceTree = "<group>"; };
		31E5BEEA256BC3C000A259B8 /* YXShowHTMLController.m */ = {isa = PBXFileReference; lastKnownFileType = sourcecode.c.objc; path = YXShowHTMLController.m; sourceTree = "<group>"; };
		31EC79D3256D042000366859 /* YXImageEditController.h */ = {isa = PBXFileReference; lastKnownFileType = sourcecode.c.h; path = YXImageEditController.h; sourceTree = "<group>"; };
		31EC79D4256D042000366859 /* YXImageEditController.m */ = {isa = PBXFileReference; lastKnownFileType = sourcecode.c.objc; path = YXImageEditController.m; sourceTree = "<group>"; };
		31EC79D9256D057900366859 /* YXImageEditController.xib */ = {isa = PBXFileReference; lastKnownFileType = file.xib; path = YXImageEditController.xib; sourceTree = "<group>"; };
		31EC79E0256D084100366859 /* YXImageEditCell.h */ = {isa = PBXFileReference; lastKnownFileType = sourcecode.c.h; path = YXImageEditCell.h; sourceTree = "<group>"; };
		31EC79E1256D084100366859 /* YXImageEditCell.m */ = {isa = PBXFileReference; lastKnownFileType = sourcecode.c.objc; path = YXImageEditCell.m; sourceTree = "<group>"; };
		31EC79E2256D084100366859 /* YXImageEditCell.xib */ = {isa = PBXFileReference; lastKnownFileType = file.xib; path = YXImageEditCell.xib; sourceTree = "<group>"; };
		31EC7A61256D114100366859 /* UITextView+YX.h */ = {isa = PBXFileReference; lastKnownFileType = sourcecode.c.h; path = "UITextView+YX.h"; sourceTree = "<group>"; };
		31EC7A62256D114100366859 /* UITextView+YX.m */ = {isa = PBXFileReference; lastKnownFileType = sourcecode.c.objc; path = "UITextView+YX.m"; sourceTree = "<group>"; };
		3CA915C7C594C9EA3B7782FC /* Pods_RichTextEditorDemo.framework */ = {isa = PBXFileReference; explicitFileType = wrapper.framework; includeInIndex = 0; path = Pods_RichTextEditorDemo.framework; sourceTree = BUILT_PRODUCTS_DIR; };
		DC0FDC2562509EA89C231BA0 /* Pods-RichTextEditorDemo.release.xcconfig */ = {isa = PBXFileReference; includeInIndex = 1; lastKnownFileType = text.xcconfig; name = "Pods-RichTextEditorDemo.release.xcconfig"; path = "Target Support Files/Pods-RichTextEditorDemo/Pods-RichTextEditorDemo.release.xcconfig"; sourceTree = "<group>"; };
/* End PBXFileReference section */

/* Begin PBXFrameworksBuildPhase section */
		31E5BD4B256538BA00A259B8 /* Frameworks */ = {
			isa = PBXFrameworksBuildPhase;
			buildActionMask = 2147483647;
			files = (
				24B67B316734B08C72DC933C /* Pods_RichTextEditorDemo.framework in Frameworks */,
			);
			runOnlyForDeploymentPostprocessing = 0;
		};
		31E5BD66256538BC00A259B8 /* Frameworks */ = {
			isa = PBXFrameworksBuildPhase;
			buildActionMask = 2147483647;
			files = (
			);
			runOnlyForDeploymentPostprocessing = 0;
		};
		31E5BD71256538BC00A259B8 /* Frameworks */ = {
			isa = PBXFrameworksBuildPhase;
			buildActionMask = 2147483647;
			files = (
			);
			runOnlyForDeploymentPostprocessing = 0;
		};
/* End PBXFrameworksBuildPhase section */

/* Begin PBXGroup section */
		1CBDD4B54C890243A2D8CE4E /* Frameworks */ = {
			isa = PBXGroup;
			children = (
				3CA915C7C594C9EA3B7782FC /* Pods_RichTextEditorDemo.framework */,
			);
			name = Frameworks;
			sourceTree = "<group>";
		};
		31E5BD45256538BA00A259B8 = {
			isa = PBXGroup;
			children = (
				31E5BD50256538BA00A259B8 /* RichTextEditorDemo */,
				31E5BD6C256538BC00A259B8 /* RichTextEditorDemoTests */,
				31E5BD77256538BC00A259B8 /* RichTextEditorDemoUITests */,
				31E5BD4F256538BA00A259B8 /* Products */,
				CD88F38F08DF6653D1F01A11 /* Pods */,
				1CBDD4B54C890243A2D8CE4E /* Frameworks */,
			);
			sourceTree = "<group>";
		};
		31E5BD4F256538BA00A259B8 /* Products */ = {
			isa = PBXGroup;
			children = (
				31E5BD4E256538BA00A259B8 /* RichTextEditorDemo.app */,
				31E5BD69256538BC00A259B8 /* RichTextEditorDemoTests.xctest */,
				31E5BD74256538BC00A259B8 /* RichTextEditorDemoUITests.xctest */,
			);
			name = Products;
			sourceTree = "<group>";
		};
		31E5BD50256538BA00A259B8 /* RichTextEditorDemo */ = {
			isa = PBXGroup;
			children = (
				31E5BD51256538BA00A259B8 /* AppDelegate.h */,
				31E5BD52256538BA00A259B8 /* AppDelegate.m */,
				31E5BD57256538BA00A259B8 /* ViewController.h */,
				31E5BD58256538BA00A259B8 /* ViewController.m */,
				31E5BE202566641600A259B8 /* Category */,
				31EC79DE256D07C100366859 /* ImageEditor */,
				31E5BD892566074900A259B8 /* HTMLEditor */,
				31E5BD5A256538BA00A259B8 /* Main.storyboard */,
				31E5BD5D256538BC00A259B8 /* Assets.xcassets */,
				31E5BD5F256538BC00A259B8 /* LaunchScreen.storyboard */,
				31E5BD62256538BC00A259B8 /* Info.plist */,
				31E5BD63256538BC00A259B8 /* main.m */,
				31E5BE19256661BB00A259B8 /* richTextEditor.pch */,
			);
			path = RichTextEditorDemo;
			sourceTree = "<group>";
		};
		31E5BD6C256538BC00A259B8 /* RichTextEditorDemoTests */ = {
			isa = PBXGroup;
			children = (
				31E5BD6D256538BC00A259B8 /* RichTextEditorDemoTests.m */,
				31E5BD6F256538BC00A259B8 /* Info.plist */,
			);
			path = RichTextEditorDemoTests;
			sourceTree = "<group>";
		};
		31E5BD77256538BC00A259B8 /* RichTextEditorDemoUITests */ = {
			isa = PBXGroup;
			children = (
				31E5BD78256538BC00A259B8 /* RichTextEditorDemoUITests.m */,
				31E5BD7A256538BC00A259B8 /* Info.plist */,
			);
			path = RichTextEditorDemoUITests;
			sourceTree = "<group>";
		};
		31E5BD892566074900A259B8 /* HTMLEditor */ = {
			isa = PBXGroup;
			children = (
				31E5BD8D256607AC00A259B8 /* Controller */,
				31E5BD8E256607B800A259B8 /* Tool */,
				31E5BD8C2566079800A259B8 /* Sources */,
				31E5BD8B2566078E00A259B8 /* View */,
				31E5BD8A2566078400A259B8 /* Model */,
			);
			path = HTMLEditor;
			sourceTree = "<group>";
		};
		31E5BD8A2566078400A259B8 /* Model */ = {
			isa = PBXGroup;
			children = (
				31E5BD9E25660A8700A259B8 /* YXWKWebViewPool.h */,
				31E5BD9F25660A8700A259B8 /* YXWKWebViewPool.m */,
				31E5BDE32566179A00A259B8 /* YXHtmlUploadPictureModel.h */,
				31E5BDE42566179A00A259B8 /* YXHtmlUploadPictureModel.m */,
			);
			path = Model;
			sourceTree = "<group>";
		};
		31E5BD8B2566078E00A259B8 /* View */ = {
			isa = PBXGroup;
			children = (
				31E5BE0425664F1A00A259B8 /* YXWKWebView.h */,
				31E5BE0525664F1A00A259B8 /* YXWKWebView.m */,
				31E5BDBA25660EFA00A259B8 /* YXHtmlEditorBar.h */,
				31E5BDBB25660EFA00A259B8 /* YXHtmlEditorBar.m */,
				31E5BDC325660F1F00A259B8 /* YXHtmlEditorBar.xib */,
				31E5BDDA256610F200A259B8 /* YXHtmlFontStyleBar.h */,
				31E5BDDB256610F200A259B8 /* YXHtmlFontStyleBar.m */,
				31E5BE1025665D3C00A259B8 /* YXHtmlEditHeaderView.h */,
				31E5BE1125665D3C00A259B8 /* YXHtmlEditHeaderView.m */,
			);
			path = View;
			sourceTree = "<group>";
		};
		31E5BD8C2566079800A259B8 /* Sources */ = {
			isa = PBXGroup;
			children = (
				31E5BDCB256610A800A259B8 /* article_editor.js */,
				31E5BDCC256610A800A259B8 /* icon_refresh.png */,
				31E5BDC8256610A800A259B8 /* jquery.js */,
				31E5BDCA256610A800A259B8 /* normalize.css */,
				31E5BDC9256610A800A259B8 /* richText_editor.html */,
				31E5BDCD256610A800A259B8 /* style.css */,
			);
			path = Sources;
			sourceTree = "<group>";
		};
		31E5BD8D256607AC00A259B8 /* Controller */ = {
			isa = PBXGroup;
			children = (
				31E5BD9525660A4500A259B8 /* YXHtmlEditBaseController.h */,
				31E5BD9625660A4500A259B8 /* YXHtmlEditBaseController.m */,
				31E5BEE9256BC3C000A259B8 /* YXShowHTMLController.h */,
				31E5BEEA256BC3C000A259B8 /* YXShowHTMLController.m */,
			);
			path = Controller;
			sourceTree = "<group>";
		};
		31E5BD8E256607B800A259B8 /* Tool */ = {
			isa = PBXGroup;
			children = (
				31E5BDA725660C0700A259B8 /* UIControl+YX.h */,
				31E5BDA825660C0700A259B8 /* UIControl+YX.m */,
				31E5BDAD25660C6400A259B8 /* WKWebView+YXHideAccessoryView.h */,
				31E5BDAE25660C6400A259B8 /* WKWebView+YXHideAccessoryView.m */,
				31E5BDB325660C9C00A259B8 /* WKWebView+YXWebViewJSTool.h */,
				31E5BDB425660C9C00A259B8 /* WKWebView+YXWebViewJSTool.m */,
				31E5BDB925660E4600A259B8 /* YXHtmlCommon.h */,
			);
			path = Tool;
			sourceTree = "<group>";
		};
		31E5BE202566641600A259B8 /* Category */ = {
			isa = PBXGroup;
			children = (
				31E5BE212566642E00A259B8 /* UIView+YX.h */,
				31E5BE222566642E00A259B8 /* UIView+YX.m */,
				31E5BE3A256665D500A259B8 /* MBProgressHUD+YX.h */,
				31E5BE3B256665D500A259B8 /* MBProgressHUD+YX.m */,
				31EC7A61256D114100366859 /* UITextView+YX.h */,
				31EC7A62256D114100366859 /* UITextView+YX.m */,
			);
			path = Category;
			sourceTree = "<group>";
		};
		31EC79DE256D07C100366859 /* ImageEditor */ = {
			isa = PBXGroup;
			children = (
				31EC79D3256D042000366859 /* YXImageEditController.h */,
				31EC79D4256D042000366859 /* YXImageEditController.m */,
				31EC79D9256D057900366859 /* YXImageEditController.xib */,
				31EC79DF256D081A00366859 /* View */,
			);
			path = ImageEditor;
			sourceTree = "<group>";
		};
		31EC79DF256D081A00366859 /* View */ = {
			isa = PBXGroup;
			children = (
				31EC79E0256D084100366859 /* YXImageEditCell.h */,
				31EC79E1256D084100366859 /* YXImageEditCell.m */,
				31EC79E2256D084100366859 /* YXImageEditCell.xib */,
			);
			path = View;
			sourceTree = "<group>";
		};
		CD88F38F08DF6653D1F01A11 /* Pods */ = {
			isa = PBXGroup;
			children = (
				091CE115287A7FCEBC39CC88 /* Pods-RichTextEditorDemo.debug.xcconfig */,
				DC0FDC2562509EA89C231BA0 /* Pods-RichTextEditorDemo.release.xcconfig */,
			);
			path = Pods;
			sourceTree = "<group>";
		};
/* End PBXGroup section */

/* Begin PBXNativeTarget section */
		31E5BD4D256538BA00A259B8 /* RichTextEditorDemo */ = {
			isa = PBXNativeTarget;
			buildConfigurationList = 31E5BD7D256538BC00A259B8 /* Build configuration list for PBXNativeTarget "RichTextEditorDemo" */;
			buildPhases = (
				1A18E83741E72441538ECA71 /* [CP] Check Pods Manifest.lock */,
				31E5BD4A256538BA00A259B8 /* Sources */,
				31E5BD4B256538BA00A259B8 /* Frameworks */,
				31E5BD4C256538BA00A259B8 /* Resources */,
				A92C77DB3202E7D6D0CE36B5 /* [CP] Embed Pods Frameworks */,
			);
			buildRules = (
			);
			dependencies = (
			);
			name = RichTextEditorDemo;
			productName = RichTextEditorDemo;
			productReference = 31E5BD4E256538BA00A259B8 /* RichTextEditorDemo.app */;
			productType = "com.apple.product-type.application";
		};
		31E5BD68256538BC00A259B8 /* RichTextEditorDemoTests */ = {
			isa = PBXNativeTarget;
			buildConfigurationList = 31E5BD80256538BC00A259B8 /* Build configuration list for PBXNativeTarget "RichTextEditorDemoTests" */;
			buildPhases = (
				31E5BD65256538BC00A259B8 /* Sources */,
				31E5BD66256538BC00A259B8 /* Frameworks */,
				31E5BD67256538BC00A259B8 /* Resources */,
			);
			buildRules = (
			);
			dependencies = (
				31E5BD6B256538BC00A259B8 /* PBXTargetDependency */,
			);
			name = RichTextEditorDemoTests;
			productName = RichTextEditorDemoTests;
			productReference = 31E5BD69256538BC00A259B8 /* RichTextEditorDemoTests.xctest */;
			productType = "com.apple.product-type.bundle.unit-test";
		};
		31E5BD73256538BC00A259B8 /* RichTextEditorDemoUITests */ = {
			isa = PBXNativeTarget;
			buildConfigurationList = 31E5BD83256538BC00A259B8 /* Build configuration list for PBXNativeTarget "RichTextEditorDemoUITests" */;
			buildPhases = (
				31E5BD70256538BC00A259B8 /* Sources */,
				31E5BD71256538BC00A259B8 /* Frameworks */,
				31E5BD72256538BC00A259B8 /* Resources */,
			);
			buildRules = (
			);
			dependencies = (
				31E5BD76256538BC00A259B8 /* PBXTargetDependency */,
			);
			name = RichTextEditorDemoUITests;
			productName = RichTextEditorDemoUITests;
			productReference = 31E5BD74256538BC00A259B8 /* RichTextEditorDemoUITests.xctest */;
			productType = "com.apple.product-type.bundle.ui-testing";
		};
/* End PBXNativeTarget section */

/* Begin PBXProject section */
		31E5BD46256538BA00A259B8 /* Project object */ = {
			isa = PBXProject;
			attributes = {
				CLASSPREFIX = YX;
				LastUpgradeCheck = 1210;
				TargetAttributes = {
					31E5BD4D256538BA00A259B8 = {
						CreatedOnToolsVersion = 12.1;
					};
					31E5BD68256538BC00A259B8 = {
						CreatedOnToolsVersion = 12.1;
						TestTargetID = 31E5BD4D256538BA00A259B8;
					};
					31E5BD73256538BC00A259B8 = {
						CreatedOnToolsVersion = 12.1;
						TestTargetID = 31E5BD4D256538BA00A259B8;
					};
				};
			};
			buildConfigurationList = 31E5BD49256538BA00A259B8 /* Build configuration list for PBXProject "RichTextEditorDemo" */;
			compatibilityVersion = "Xcode 9.3";
			developmentRegion = en;
			hasScannedForEncodings = 0;
			knownRegions = (
				en,
				Base,
			);
			mainGroup = 31E5BD45256538BA00A259B8;
			productRefGroup = 31E5BD4F256538BA00A259B8 /* Products */;
			projectDirPath = "";
			projectRoot = "";
			targets = (
				31E5BD4D256538BA00A259B8 /* RichTextEditorDemo */,
				31E5BD68256538BC00A259B8 /* RichTextEditorDemoTests */,
				31E5BD73256538BC00A259B8 /* RichTextEditorDemoUITests */,
			);
		};
/* End PBXProject section */

/* Begin PBXResourcesBuildPhase section */
		31E5BD4C256538BA00A259B8 /* Resources */ = {
			isa = PBXResourcesBuildPhase;
			buildActionMask = 2147483647;
			files = (
				31E5BDCF256610A800A259B8 /* richText_editor.html in Resources */,
				31E5BDCE256610A800A259B8 /* jquery.js in Resources */,
				31E5BD61256538BC00A259B8 /* LaunchScreen.storyboard in Resources */,
				31E5BD5E256538BC00A259B8 /* Assets.xcassets in Resources */,
				31E5BDC425660F1F00A259B8 /* YXHtmlEditorBar.xib in Resources */,
				31E5BD5C256538BA00A259B8 /* Main.storyboard in Resources */,
				31EC79E4256D084100366859 /* YXImageEditCell.xib in Resources */,
				31E5BDD1256610A800A259B8 /* article_editor.js in Resources */,
				31E5BDD3256610A800A259B8 /* style.css in Resources */,
				31E5BDD0256610A800A259B8 /* normalize.css in Resources */,
				31E5BDD2256610A800A259B8 /* icon_refresh.png in Resources */,
				31EC79DA256D057900366859 /* YXImageEditController.xib in Resources */,
			);
			runOnlyForDeploymentPostprocessing = 0;
		};
		31E5BD67256538BC00A259B8 /* Resources */ = {
			isa = PBXResourcesBuildPhase;
			buildActionMask = 2147483647;
			files = (
			);
			runOnlyForDeploymentPostprocessing = 0;
		};
		31E5BD72256538BC00A259B8 /* Resources */ = {
			isa = PBXResourcesBuildPhase;
			buildActionMask = 2147483647;
			files = (
			);
			runOnlyForDeploymentPostprocessing = 0;
		};
/* End PBXResourcesBuildPhase section */

/* Begin PBXShellScriptBuildPhase section */
		1A18E83741E72441538ECA71 /* [CP] Check Pods Manifest.lock */ = {
			isa = PBXShellScriptBuildPhase;
			buildActionMask = 2147483647;
			files = (
			);
			inputFileListPaths = (
			);
			inputPaths = (
				"${PODS_PODFILE_DIR_PATH}/Podfile.lock",
				"${PODS_ROOT}/Manifest.lock",
			);
			name = "[CP] Check Pods Manifest.lock";
			outputFileListPaths = (
			);
			outputPaths = (
				"$(DERIVED_FILE_DIR)/Pods-RichTextEditorDemo-checkManifestLockResult.txt",
			);
			runOnlyForDeploymentPostprocessing = 0;
			shellPath = /bin/sh;
			shellScript = "diff \"${PODS_PODFILE_DIR_PATH}/Podfile.lock\" \"${PODS_ROOT}/Manifest.lock\" > /dev/null\nif [ $? != 0 ] ; then\n    # print error to STDERR\n    echo \"error: The sandbox is not in sync with the Podfile.lock. Run 'pod install' or update your CocoaPods installation.\" >&2\n    exit 1\nfi\n# This output is used by Xcode 'outputs' to avoid re-running this script phase.\necho \"SUCCESS\" > \"${SCRIPT_OUTPUT_FILE_0}\"\n";
			showEnvVarsInLog = 0;
		};
		A92C77DB3202E7D6D0CE36B5 /* [CP] Embed Pods Frameworks */ = {
			isa = PBXShellScriptBuildPhase;
			buildActionMask = 2147483647;
			files = (
			);
			inputFileListPaths = (
				"${PODS_ROOT}/Target Support Files/Pods-RichTextEditorDemo/Pods-RichTextEditorDemo-frameworks-${CONFIGURATION}-input-files.xcfilelist",
			);
			name = "[CP] Embed Pods Frameworks";
			outputFileListPaths = (
				"${PODS_ROOT}/Target Support Files/Pods-RichTextEditorDemo/Pods-RichTextEditorDemo-frameworks-${CONFIGURATION}-output-files.xcfilelist",
			);
			runOnlyForDeploymentPostprocessing = 0;
			shellPath = /bin/sh;
			shellScript = "\"${PODS_ROOT}/Target Support Files/Pods-RichTextEditorDemo/Pods-RichTextEditorDemo-frameworks.sh\"\n";
			showEnvVarsInLog = 0;
		};
/* End PBXShellScriptBuildPhase section */

/* Begin PBXSourcesBuildPhase section */
		31E5BD4A256538BA00A259B8 /* Sources */ = {
			isa = PBXSourcesBuildPhase;
			buildActionMask = 2147483647;
			files = (
				31E5BE1225665D3C00A259B8 /* YXHtmlEditHeaderView.m in Sources */,
				31E5BE3C256665D500A259B8 /* MBProgressHUD+YX.m in Sources */,
				31EC79E3256D084100366859 /* YXImageEditCell.m in Sources */,
				31E5BD59256538BA00A259B8 /* ViewController.m in Sources */,
				31E5BD9725660A4500A259B8 /* YXHtmlEditBaseController.m in Sources */,
				31EC7A63256D114100366859 /* UITextView+YX.m in Sources */,
				31E5BDAF25660C6400A259B8 /* WKWebView+YXHideAccessoryView.m in Sources */,
				31E5BDA025660A8700A259B8 /* YXWKWebViewPool.m in Sources */,
				31E5BE0625664F1A00A259B8 /* YXWKWebView.m in Sources */,
				31E5BDA925660C0700A259B8 /* UIControl+YX.m in Sources */,
				31E5BE232566642E00A259B8 /* UIView+YX.m in Sources */,
				31E5BDE52566179A00A259B8 /* YXHtmlUploadPictureModel.m in Sources */,
				31E5BD53256538BA00A259B8 /* AppDelegate.m in Sources */,
				31E5BDBC25660EFA00A259B8 /* YXHtmlEditorBar.m in Sources */,
				31EC79D5256D042000366859 /* YXImageEditController.m in Sources */,
				31E5BEEB256BC3C000A259B8 /* YXShowHTMLController.m in Sources */,
				31E5BD64256538BC00A259B8 /* main.m in Sources */,
				31E5BDDC256610F200A259B8 /* YXHtmlFontStyleBar.m in Sources */,
				31E5BDB525660C9C00A259B8 /* WKWebView+YXWebViewJSTool.m in Sources */,
			);
			runOnlyForDeploymentPostprocessing = 0;
		};
		31E5BD65256538BC00A259B8 /* Sources */ = {
			isa = PBXSourcesBuildPhase;
			buildActionMask = 2147483647;
			files = (
				31E5BD6E256538BC00A259B8 /* RichTextEditorDemoTests.m in Sources */,
			);
			runOnlyForDeploymentPostprocessing = 0;
		};
		31E5BD70256538BC00A259B8 /* Sources */ = {
			isa = PBXSourcesBuildPhase;
			buildActionMask = 2147483647;
			files = (
				31E5BD79256538BC00A259B8 /* RichTextEditorDemoUITests.m in Sources */,
			);
			runOnlyForDeploymentPostprocessing = 0;
		};
/* End PBXSourcesBuildPhase section */

/* Begin PBXTargetDependency section */
		31E5BD6B256538BC00A259B8 /* PBXTargetDependency */ = {
			isa = PBXTargetDependency;
			target = 31E5BD4D256538BA00A259B8 /* RichTextEditorDemo */;
			targetProxy = 31E5BD6A256538BC00A259B8 /* PBXContainerItemProxy */;
		};
		31E5BD76256538BC00A259B8 /* PBXTargetDependency */ = {
			isa = PBXTargetDependency;
			target = 31E5BD4D256538BA00A259B8 /* RichTextEditorDemo */;
			targetProxy = 31E5BD75256538BC00A259B8 /* PBXContainerItemProxy */;
		};
/* End PBXTargetDependency section */

/* Begin PBXVariantGroup section */
		31E5BD5A256538BA00A259B8 /* Main.storyboard */ = {
			isa = PBXVariantGroup;
			children = (
				31E5BD5B256538BA00A259B8 /* Base */,
			);
			name = Main.storyboard;
			sourceTree = "<group>";
		};
		31E5BD5F256538BC00A259B8 /* LaunchScreen.storyboard */ = {
			isa = PBXVariantGroup;
			children = (
				31E5BD60256538BC00A259B8 /* Base */,
			);
			name = LaunchScreen.storyboard;
			sourceTree = "<group>";
		};
/* End PBXVariantGroup section */

/* Begin XCBuildConfiguration section */
		31E5BD7B256538BC00A259B8 /* Debug */ = {
			isa = XCBuildConfiguration;
			buildSettings = {
				ALWAYS_SEARCH_USER_PATHS = NO;
				CLANG_ANALYZER_NONNULL = YES;
				CLANG_ANALYZER_NUMBER_OBJECT_CONVERSION = YES_AGGRESSIVE;
				CLANG_CXX_LANGUAGE_STANDARD = "gnu++14";
				CLANG_CXX_LIBRARY = "libc++";
				CLANG_ENABLE_MODULES = YES;
				CLANG_ENABLE_OBJC_ARC = YES;
				CLANG_ENABLE_OBJC_WEAK = YES;
				CLANG_WARN_BLOCK_CAPTURE_AUTORELEASING = YES;
				CLANG_WARN_BOOL_CONVERSION = YES;
				CLANG_WARN_COMMA = YES;
				CLANG_WARN_CONSTANT_CONVERSION = YES;
				CLANG_WARN_DEPRECATED_OBJC_IMPLEMENTATIONS = YES;
				CLANG_WARN_DIRECT_OBJC_ISA_USAGE = YES_ERROR;
				CLANG_WARN_DOCUMENTATION_COMMENTS = YES;
				CLANG_WARN_EMPTY_BODY = YES;
				CLANG_WARN_ENUM_CONVERSION = YES;
				CLANG_WARN_INFINITE_RECURSION = YES;
				CLANG_WARN_INT_CONVERSION = YES;
				CLANG_WARN_NON_LITERAL_NULL_CONVERSION = YES;
				CLANG_WARN_OBJC_IMPLICIT_RETAIN_SELF = YES;
				CLANG_WARN_OBJC_LITERAL_CONVERSION = YES;
				CLANG_WARN_OBJC_ROOT_CLASS = YES_ERROR;
				CLANG_WARN_QUOTED_INCLUDE_IN_FRAMEWORK_HEADER = YES;
				CLANG_WARN_RANGE_LOOP_ANALYSIS = YES;
				CLANG_WARN_STRICT_PROTOTYPES = YES;
				CLANG_WARN_SUSPICIOUS_MOVE = YES;
				CLANG_WARN_UNGUARDED_AVAILABILITY = YES_AGGRESSIVE;
				CLANG_WARN_UNREACHABLE_CODE = YES;
				CLANG_WARN__DUPLICATE_METHOD_MATCH = YES;
				COPY_PHASE_STRIP = NO;
				DEBUG_INFORMATION_FORMAT = dwarf;
				ENABLE_STRICT_OBJC_MSGSEND = YES;
				ENABLE_TESTABILITY = YES;
				GCC_C_LANGUAGE_STANDARD = gnu11;
				GCC_DYNAMIC_NO_PIC = NO;
				GCC_NO_COMMON_BLOCKS = YES;
				GCC_OPTIMIZATION_LEVEL = 0;
				GCC_PREPROCESSOR_DEFINITIONS = (
					"DEBUG=1",
					"$(inherited)",
				);
				GCC_WARN_64_TO_32_BIT_CONVERSION = YES;
				GCC_WARN_ABOUT_RETURN_TYPE = YES_ERROR;
				GCC_WARN_UNDECLARED_SELECTOR = YES;
				GCC_WARN_UNINITIALIZED_AUTOS = YES_AGGRESSIVE;
				GCC_WARN_UNUSED_FUNCTION = YES;
				GCC_WARN_UNUSED_VARIABLE = YES;
				IPHONEOS_DEPLOYMENT_TARGET = 14.1;
				MTL_ENABLE_DEBUG_INFO = INCLUDE_SOURCE;
				MTL_FAST_MATH = YES;
				ONLY_ACTIVE_ARCH = YES;
				SDKROOT = iphoneos;
			};
			name = Debug;
		};
		31E5BD7C256538BC00A259B8 /* Release */ = {
			isa = XCBuildConfiguration;
			buildSettings = {
				ALWAYS_SEARCH_USER_PATHS = NO;
				CLANG_ANALYZER_NONNULL = YES;
				CLANG_ANALYZER_NUMBER_OBJECT_CONVERSION = YES_AGGRESSIVE;
				CLANG_CXX_LANGUAGE_STANDARD = "gnu++14";
				CLANG_CXX_LIBRARY = "libc++";
				CLANG_ENABLE_MODULES = YES;
				CLANG_ENABLE_OBJC_ARC = YES;
				CLANG_ENABLE_OBJC_WEAK = YES;
				CLANG_WARN_BLOCK_CAPTURE_AUTORELEASING = YES;
				CLANG_WARN_BOOL_CONVERSION = YES;
				CLANG_WARN_COMMA = YES;
				CLANG_WARN_CONSTANT_CONVERSION = YES;
				CLANG_WARN_DEPRECATED_OBJC_IMPLEMENTATIONS = YES;
				CLANG_WARN_DIRECT_OBJC_ISA_USAGE = YES_ERROR;
				CLANG_WARN_DOCUMENTATION_COMMENTS = YES;
				CLANG_WARN_EMPTY_BODY = YES;
				CLANG_WARN_ENUM_CONVERSION = YES;
				CLANG_WARN_INFINITE_RECURSION = YES;
				CLANG_WARN_INT_CONVERSION = YES;
				CLANG_WARN_NON_LITERAL_NULL_CONVERSION = YES;
				CLANG_WARN_OBJC_IMPLICIT_RETAIN_SELF = YES;
				CLANG_WARN_OBJC_LITERAL_CONVERSION = YES;
				CLANG_WARN_OBJC_ROOT_CLASS = YES_ERROR;
				CLANG_WARN_QUOTED_INCLUDE_IN_FRAMEWORK_HEADER = YES;
				CLANG_WARN_RANGE_LOOP_ANALYSIS = YES;
				CLANG_WARN_STRICT_PROTOTYPES = YES;
				CLANG_WARN_SUSPICIOUS_MOVE = YES;
				CLANG_WARN_UNGUARDED_AVAILABILITY = YES_AGGRESSIVE;
				CLANG_WARN_UNREACHABLE_CODE = YES;
				CLANG_WARN__DUPLICATE_METHOD_MATCH = YES;
				COPY_PHASE_STRIP = NO;
				DEBUG_INFORMATION_FORMAT = "dwarf-with-dsym";
				ENABLE_NS_ASSERTIONS = NO;
				ENABLE_STRICT_OBJC_MSGSEND = YES;
				GCC_C_LANGUAGE_STANDARD = gnu11;
				GCC_NO_COMMON_BLOCKS = YES;
				GCC_WARN_64_TO_32_BIT_CONVERSION = YES;
				GCC_WARN_ABOUT_RETURN_TYPE = YES_ERROR;
				GCC_WARN_UNDECLARED_SELECTOR = YES;
				GCC_WARN_UNINITIALIZED_AUTOS = YES_AGGRESSIVE;
				GCC_WARN_UNUSED_FUNCTION = YES;
				GCC_WARN_UNUSED_VARIABLE = YES;
				IPHONEOS_DEPLOYMENT_TARGET = 14.1;
				MTL_ENABLE_DEBUG_INFO = NO;
				MTL_FAST_MATH = YES;
				SDKROOT = iphoneos;
				VALIDATE_PRODUCT = YES;
			};
			name = Release;
		};
		31E5BD7E256538BC00A259B8 /* Debug */ = {
			isa = XCBuildConfiguration;
			baseConfigurationReference = 091CE115287A7FCEBC39CC88 /* Pods-RichTextEditorDemo.debug.xcconfig */;
			buildSettings = {
				ASSETCATALOG_COMPILER_APPICON_NAME = AppIcon;
				ASSETCATALOG_COMPILER_GLOBAL_ACCENT_COLOR_NAME = AccentColor;
				CODE_SIGN_STYLE = Automatic;
				DEVELOPMENT_TEAM = 3V68Z8G5A8;
				GCC_PREFIX_HEADER = "$(SRCROOT)/RichTextEditorDemo/richTextEditor.pch";
				INFOPLIST_FILE = RichTextEditorDemo/Info.plist;
				IPHONEOS_DEPLOYMENT_TARGET = 13.0;
				LD_RUNPATH_SEARCH_PATHS = (
					"$(inherited)",
					"@executable_path/Frameworks",
				);
				PRODUCT_BUNDLE_IDENTIFIER = CY.RichTextEditorDemo;
				PRODUCT_NAME = "$(TARGET_NAME)";
				TARGETED_DEVICE_FAMILY = "1,2";
			};
			name = Debug;
		};
		31E5BD7F256538BC00A259B8 /* Release */ = {
			isa = XCBuildConfiguration;
			baseConfigurationReference = DC0FDC2562509EA89C231BA0 /* Pods-RichTextEditorDemo.release.xcconfig */;
			buildSettings = {
				ASSETCATALOG_COMPILER_APPICON_NAME = AppIcon;
				ASSETCATALOG_COMPILER_GLOBAL_ACCENT_COLOR_NAME = AccentColor;
				CODE_SIGN_STYLE = Automatic;
				DEVELOPMENT_TEAM = 3V68Z8G5A8;
				GCC_PREFIX_HEADER = "$(SRCROOT)/RichTextEditorDemo/richTextEditor.pch";
				INFOPLIST_FILE = RichTextEditorDemo/Info.plist;
				IPHONEOS_DEPLOYMENT_TARGET = 13.0;
				LD_RUNPATH_SEARCH_PATHS = (
					"$(inherited)",
					"@executable_path/Frameworks",
				);
				PRODUCT_BUNDLE_IDENTIFIER = CY.RichTextEditorDemo;
				PRODUCT_NAME = "$(TARGET_NAME)";
				TARGETED_DEVICE_FAMILY = "1,2";
			};
			name = Release;
		};
		31E5BD81256538BC00A259B8 /* Debug */ = {
			isa = XCBuildConfiguration;
			buildSettings = {
				BUNDLE_LOADER = "$(TEST_HOST)";
				CODE_SIGN_STYLE = Automatic;
				DEVELOPMENT_TEAM = 3V68Z8G5A8;
				INFOPLIST_FILE = RichTextEditorDemoTests/Info.plist;
				IPHONEOS_DEPLOYMENT_TARGET = 14.1;
				LD_RUNPATH_SEARCH_PATHS = (
					"$(inherited)",
					"@executable_path/Frameworks",
					"@loader_path/Frameworks",
				);
				PRODUCT_BUNDLE_IDENTIFIER = CY.RichTextEditorDemoTests;
				PRODUCT_NAME = "$(TARGET_NAME)";
				TARGETED_DEVICE_FAMILY = "1,2";
				TEST_HOST = "$(BUILT_PRODUCTS_DIR)/RichTextEditorDemo.app/RichTextEditorDemo";
			};
			name = Debug;
		};
		31E5BD82256538BC00A259B8 /* Release */ = {
			isa = XCBuildConfiguration;
			buildSettings = {
				BUNDLE_LOADER = "$(TEST_HOST)";
				CODE_SIGN_STYLE = Automatic;
				DEVELOPMENT_TEAM = 3V68Z8G5A8;
				INFOPLIST_FILE = RichTextEditorDemoTests/Info.plist;
				IPHONEOS_DEPLOYMENT_TARGET = 14.1;
				LD_RUNPATH_SEARCH_PATHS = (
					"$(inherited)",
					"@executable_path/Frameworks",
					"@loader_path/Frameworks",
				);
				PRODUCT_BUNDLE_IDENTIFIER = CY.RichTextEditorDemoTests;
				PRODUCT_NAME = "$(TARGET_NAME)";
				TARGETED_DEVICE_FAMILY = "1,2";
				TEST_HOST = "$(BUILT_PRODUCTS_DIR)/RichTextEditorDemo.app/RichTextEditorDemo";
			};
			name = Release;
		};
		31E5BD84256538BC00A259B8 /* Debug */ = {
			isa = XCBuildConfiguration;
			buildSettings = {
				CODE_SIGN_STYLE = Automatic;
				DEVELOPMENT_TEAM = 3V68Z8G5A8;
				INFOPLIST_FILE = RichTextEditorDemoUITests/Info.plist;
				LD_RUNPATH_SEARCH_PATHS = (
					"$(inherited)",
					"@executable_path/Frameworks",
					"@loader_path/Frameworks",
				);
				PRODUCT_BUNDLE_IDENTIFIER = CY.RichTextEditorDemoUITests;
				PRODUCT_NAME = "$(TARGET_NAME)";
				TARGETED_DEVICE_FAMILY = "1,2";
				TEST_TARGET_NAME = RichTextEditorDemo;
			};
			name = Debug;
		};
		31E5BD85256538BC00A259B8 /* Release */ = {
			isa = XCBuildConfiguration;
			buildSettings = {
				CODE_SIGN_STYLE = Automatic;
				DEVELOPMENT_TEAM = 3V68Z8G5A8;
				INFOPLIST_FILE = RichTextEditorDemoUITests/Info.plist;
				LD_RUNPATH_SEARCH_PATHS = (
					"$(inherited)",
					"@executable_path/Frameworks",
					"@loader_path/Frameworks",
				);
				PRODUCT_BUNDLE_IDENTIFIER = CY.RichTextEditorDemoUITests;
				PRODUCT_NAME = "$(TARGET_NAME)";
				TARGETED_DEVICE_FAMILY = "1,2";
				TEST_TARGET_NAME = RichTextEditorDemo;
			};
			name = Release;
		};
/* End XCBuildConfiguration section */

/* Begin XCConfigurationList section */
		31E5BD49256538BA00A259B8 /* Build configuration list for PBXProject "RichTextEditorDemo" */ = {
			isa = XCConfigurationList;
			buildConfigurations = (
				31E5BD7B256538BC00A259B8 /* Debug */,
				31E5BD7C256538BC00A259B8 /* Release */,
			);
			defaultConfigurationIsVisible = 0;
			defaultConfigurationName = Release;
		};
		31E5BD7D256538BC00A259B8 /* Build configuration list for PBXNativeTarget "RichTextEditorDemo" */ = {
			isa = XCConfigurationList;
			buildConfigurations = (
				31E5BD7E256538BC00A259B8 /* Debug */,
				31E5BD7F256538BC00A259B8 /* Release */,
			);
			defaultConfigurationIsVisible = 0;
			defaultConfigurationName = Release;
		};
		31E5BD80256538BC00A259B8 /* Build configuration list for PBXNativeTarget "RichTextEditorDemoTests" */ = {
			isa = XCConfigurationList;
			buildConfigurations = (
				31E5BD81256538BC00A259B8 /* Debug */,
				31E5BD82256538BC00A259B8 /* Release */,
			);
			defaultConfigurationIsVisible = 0;
			defaultConfigurationName = Release;
		};
		31E5BD83256538BC00A259B8 /* Build configuration list for PBXNativeTarget "RichTextEditorDemoUITests" */ = {
			isa = XCConfigurationList;
			buildConfigurations = (
				31E5BD84256538BC00A259B8 /* Debug */,
				31E5BD85256538BC00A259B8 /* Release */,
			);
			defaultConfigurationIsVisible = 0;
			defaultConfigurationName = Release;
		};
/* End XCConfigurationList section */
	};
	rootObject = 31E5BD46256538BA00A259B8 /* Project object */;
}
